
Microsoft Visual Studio Solution File, Format Version 12.00
# Visual Studio Version 16
VisualStudioVersion = 16.0.29411.108
MinimumVisualStudioVersion = 10.0.40219.1
Project("{FAE04EC0-301F-11D3-BF4B-00C04F79EFBC}") = "SocialNet", "SocialNet\SocialNet.csproj", "{9882F3AE-D38C-42F2-B8DB-544FAF5D539C}"
EndProject
Global
	GlobalSection(SolutionConfigurationPlatforms) = preSolution
		Debug|Any CPU = Debug|Any CPU
		Release|Any CPU = Release|Any CPU
	EndGlobalSection
	GlobalSection(ProjectConfigurationPlatforms) = postSolution
		{9882F3AE-D38C-42F2-B8DB-544FAF5D539C}.Debug|Any CPU.ActiveCfg = Debug|Any CPU
		{9882F3AE-D38C-42F2-B8DB-544FAF5D539C}.Debug|Any CPU.Build.0 = Debug|Any CPU
		{9882F3AE-D38C-42F2-B8DB-544FAF5D539C}.Release|Any CPU.ActiveCfg = Release|Any CPU
		{9882F3AE-D38C-42F2-B8DB-544FAF5D539C}.Release|Any CPU.Build.0 = Release|Any CPU
	EndGlobalSection
	GlobalSection(SolutionProperties) = preSolution
		HideSolutionNode = FALSE
	EndGlobalSection
	GlobalSection(ExtensibilityGlobals) = postSolution
		SolutionGuid = {2E635A36-0CCE-4BC5-8F2A-4BA0417C6912}
	EndGlobalSection
EndGlobal
